
Microsoft Visual Studio Solution File, Format Version 12.00
# Visual Studio 15
VisualStudioVersion = 15.0.27004.2010
MinimumVisualStudioVersion = 10.0.40219.1
Project("{8BC9CEB8-8B4A-11D0-8D11-00A0C91BC942}") = "Asignment 3", "Asignment 3\Asignment 3.vcxproj", "{70B8B54F-C7F1-419B-97BE-5F439BC6B926}"
EndProject
Global
	GlobalSection(SolutionConfigurationPlatforms) = preSolution
		Debug|x64 = Debug|x64
		Debug|x86 = Debug|x86
		Release|x64 = Release|x64
		Release|x86 = Release|x86
	EndGlobalSection
	GlobalSection(ProjectConfigurationPlatforms) = postSolution
		{70B8B54F-C7F1-419B-97BE-5F439BC6B926}.Debug|x64.ActiveCfg = Debug|x64
		{70B8B54F-C7F1-419B-97BE-5F439BC6B926}.Debug|x64.Build.0 = Debug|x64
		{70B8B54F-C7F1-419B-97BE-5F439BC6B926}.Debug|x86.ActiveCfg = Debug|Win32
		{70B8B54F-C7F1-419B-97BE-5F439BC6B926}.Debug|x86.Build.0 = Debug|Win32
		{70B8B54F-C7F1-419B-97BE-5F439BC6B926}.Release|x64.ActiveCfg = Release|x64
		{70B8B54F-C7F1-419B-97BE-5F439BC6B926}.Release|x64.Build.0 = Release|x64
		{70B8B54F-C7F1-419B-97BE-5F439BC6B926}.Release|x86.ActiveCfg = Release|Win32
		{70B8B54F-C7F1-419B-97BE-5F439BC6B926}.Release|x86.Build.0 = Release|Win32
	EndGlobalSection
	GlobalSection(SolutionProperties) = preSolution
		HideSolutionNode = FALSE
	EndGlobalSection
	GlobalSection(ExtensibilityGlobals) = postSolution
		SolutionGuid = {67D95C2A-7FEC-465C-A429-8444810BFA1E}
	EndGlobalSection
EndGlobal
